// !$*UTF8*$!
{
	archiveVersion = 1;
	classes = {
	};
	objectVersion = 50;
	objects = {

/* Begin PBXBuildFile section */
		8275BBF22200ADE100EEDCE3 /* AppDelegate.swift in Sources */ = {isa = PBXBuildFile; fileRef = 8275BBF12200ADE100EEDCE3 /* AppDelegate.swift */; };
		8275BBF42200ADE100EEDCE3 /* ViewController.swift in Sources */ = {isa = PBXBuildFile; fileRef = 8275BBF32200ADE100EEDCE3 /* ViewController.swift */; };
		8275BBF72200ADE100EEDCE3 /* Main.storyboard in Resources */ = {isa = PBXBuildFile; fileRef = 8275BBF52200ADE100EEDCE3 /* Main.storyboard */; };
		8275BBF92200ADE200EEDCE3 /* Assets.xcassets in Resources */ = {isa = PBXBuildFile; fileRef = 8275BBF82200ADE200EEDCE3 /* Assets.xcassets */; };
		8275BBFC2200ADE200EEDCE3 /* LaunchScreen.storyboard in Resources */ = {isa = PBXBuildFile; fileRef = 8275BBFA2200ADE200EEDCE3 /* LaunchScreen.storyboard */; };
		8275BC062200B56300EEDCE3 /* ScrollViewController.swift in Sources */ = {isa = PBXBuildFile; fileRef = 8275BC052200B56300EEDCE3 /* ScrollViewController.swift */; };
/* End PBXBuildFile section */

/* Begin PBXFileReference section */
		8275BBEE2200ADE100EEDCE3 /* SHTabBar.app */ = {isa = PBXFileReference; explicitFileType = wrapper.application; includeInIndex = 0; path = SHTabBar.app; sourceTree = BUILT_PRODUCTS_DIR; };
		8275BBF12200ADE100EEDCE3 /* AppDelegate.swift */ = {isa = PBXFileReference; lastKnownFileType = sourcecode.swift; path = AppDelegate.swift; sourceTree = "<group>"; };
		8275BBF32200ADE100EEDCE3 /* ViewController.swift */ = {isa = PBXFileReference; lastKnownFileType = sourcecode.swift; path = ViewController.swift; sourceTree = "<group>"; };
		8275BBF62200ADE100EEDCE3 /* Base */ = {isa = PBXFileReference; lastKnownFileType = file.storyboard; name = Base; path = Base.lproj/Main.storyboard; sourceTree = "<group>"; };
		8275BBF82200ADE200EEDCE3 /* Assets.xcassets */ = {isa = PBXFileReference; lastKnownFileType = folder.assetcatalog; path = Assets.xcassets; sourceTree = "<group>"; };
		8275BBFB2200ADE200EEDCE3 /* Base */ = {isa = PBXFileReference; lastKnownFileType = file.storyboard; name = Base; path = Base.lproj/LaunchScreen.storyboard; sourceTree = "<group>"; };
		8275BBFD2200ADE200EEDCE3 /* Info.plist */ = {isa = PBXFileReference; lastKnownFileType = text.plist.xml; path = Info.plist; sourceTree = "<group>"; };
		8275BC052200B56300EEDCE3 /* ScrollViewController.swift */ = {isa = PBXFileReference; lastKnownFileType = sourcecode.swift; path = ScrollViewController.swift; sourceTree = "<group>"; };
/* End PBXFileReference section */

/* Begin PBXFrameworksBuildPhase section */
		8275BBEB2200ADE100EEDCE3 /* Frameworks */ = {
			isa = PBXFrameworksBuildPhase;
			buildActionMask = 2147483647;
			files = (
			);
			runOnlyForDeploymentPostprocessing = 0;
		};
/* End PBXFrameworksBuildPhase section */

/* Begin PBXGroup section */
		8275BBE52200ADE100EEDCE3 = {
			isa = PBXGroup;
			children = (
				8275BBF02200ADE100EEDCE3 /* SHTabBar */,
				8275BBEF2200ADE100EEDCE3 /* Products */,
			);
			sourceTree = "<group>";
		};
		8275BBEF2200ADE100EEDCE3 /* Products */ = {
			isa = PBXGroup;
			children = (
				8275BBEE2200ADE100EEDCE3 /* SHTabBar.app */,
			);
			name = Products;
			sourceTree = "<group>";
		};
		8275BBF02200ADE100EEDCE3 /* SHTabBar */ = {
			isa = PBXGroup;
			children = (
				8275BBF12200ADE100EEDCE3 /* AppDelegate.swift */,
				8275BBF32200ADE100EEDCE3 /* ViewController.swift */,
				8275BC052200B56300EEDCE3 /* ScrollViewController.swift */,
				8275BBF52200ADE100EEDCE3 /* Main.storyboard */,
				8275BBF82200ADE200EEDCE3 /* Assets.xcassets */,
				8275BBFA2200ADE200EEDCE3 /* LaunchScreen.storyboard */,
				8275BBFD2200ADE200EEDCE3 /* Info.plist */,
			);
			path = SHTabBar;
			sourceTree = "<group>";
		};
/* End PBXGroup section */

/* Begin PBXNativeTarget section */
		8275BBED2200ADE100EEDCE3 /* SHTabBar */ = {
			isa = PBXNativeTarget;
			buildConfigurationList = 8275BC002200ADE200EEDCE3 /* Build configuration list for PBXNativeTarget "SHTabBar" */;
			buildPhases = (
				8275BBEA2200ADE100EEDCE3 /* Sources */,
				8275BBEB2200ADE100EEDCE3 /* Frameworks */,
				8275BBEC2200ADE100EEDCE3 /* Resources */,
			);
			buildRules = (
			);
			dependencies = (
			);
			name = SHTabBar;
			productName = SHTabBar;
			productReference = 8275BBEE2200ADE100EEDCE3 /* SHTabBar.app */;
			productType = "com.apple.product-type.application";
		};
/* End PBXNativeTarget section */

/* Begin PBXProject section */
		8275BBE62200ADE100EEDCE3 /* Project object */ = {
			isa = PBXProject;
			attributes = {
				LastSwiftUpdateCheck = 1010;
				LastUpgradeCheck = 1010;
				ORGANIZATIONNAME = softhaus;
				TargetAttributes = {
					8275BBED2200ADE100EEDCE3 = {
						CreatedOnToolsVersion = 10.1;
					};
				};
			};
			buildConfigurationList = 8275BBE92200ADE100EEDCE3 /* Build configuration list for PBXProject "SHTabBar" */;
			compatibilityVersion = "Xcode 9.3";
			developmentRegion = en;
			hasScannedForEncodings = 0;
			knownRegions = (
				en,
				Base,
			);
			mainGroup = 8275BBE52200ADE100EEDCE3;
			productRefGroup = 8275BBEF2200ADE100EEDCE3 /* Products */;
			projectDirPath = "";
			projectRoot = "";
			targets = (
				8275BBED2200ADE100EEDCE3 /* SHTabBar */,
			);
		};
/* End PBXProject section */

/* Begin PBXResourcesBuildPhase section */
		8275BBEC2200ADE100EEDCE3 /* Resources */ = {
			isa = PBXResourcesBuildPhase;
			buildActionMask = 2147483647;
			files = (
				8275BBFC2200ADE200EEDCE3 /* LaunchScreen.storyboard in Resources */,
				8275BBF92200ADE200EEDCE3 /* Assets.xcassets in Resources */,
				8275BBF72200ADE100EEDCE3 /* Main.storyboard in Resources */,
			);
			runOnlyForDeploymentPostprocessing = 0;
		};
/* End PBXResourcesBuildPhase section */

/* Begin PBXSourcesBuildPhase section */
		8275BBEA2200ADE100EEDCE3 /* Sources */ = {
			isa = PBXSourcesBuildPhase;
			buildActionMask = 2147483647;
			files = (
				8275BBF42200ADE100EEDCE3 /* ViewController.swift in Sources */,
				8275BBF22200ADE100EEDCE3 /* AppDelegate.swift in Sources */,
				8275BC062200B56300EEDCE3 /* ScrollViewController.swift in Sources */,
			);
			runOnlyForDeploymentPostprocessing = 0;
		};
/* End PBXSourcesBuildPhase section */

/* Begin PBXVariantGroup section */
		8275BBF52200ADE100EEDCE3 /* Main.storyboard */ = {
			isa = PBXVariantGroup;
			children = (
				8275BBF62200ADE100EEDCE3 /* Base */,
			);
			name = Main.storyboard;
			sourceTree = "<group>";
		};
		8275BBFA2200ADE200EEDCE3 /* LaunchScreen.storyboard */ = {
			isa = PBXVariantGroup;
			children = (
				8275BBFB2200ADE200EEDCE3 /* Base */,
			);
			name = LaunchScreen.storyboard;
			sourceTree = "<group>";
		};
/* End PBXVariantGroup section */

/* Begin XCBuildConfiguration section */
		8275BBFE2200ADE200EEDCE3 /* Debug */ = {
			isa = XCBuildConfiguration;
			buildSettings = {
				ALWAYS_SEARCH_USER_PATHS = NO;
				CLANG_ANALYZER_NONNULL = YES;
				CLANG_ANALYZER_NUMBER_OBJECT_CONVERSION = YES_AGGRESSIVE;
				CLANG_CXX_LANGUAGE_STANDARD = "gnu++14";
				CLANG_CXX_LIBRARY = "libc++";
				CLANG_ENABLE_MODULES = YES;
				CLANG_ENABLE_OBJC_ARC = YES;
				CLANG_ENABLE_OBJC_WEAK = YES;
				CLANG_WARN_BLOCK_CAPTURE_AUTORELEASING = YES;
				CLANG_WARN_BOOL_CONVERSION = YES;
				CLANG_WARN_COMMA = YES;
				CLANG_WARN_CONSTANT_CONVERSION = YES;
				CLANG_WARN_DEPRECATED_OBJC_IMPLEMENTATIONS = YES;
				CLANG_WARN_DIRECT_OBJC_ISA_USAGE = YES_ERROR;
				CLANG_WARN_DOCUMENTATION_COMMENTS = YES;
				CLANG_WARN_EMPTY_BODY = YES;
				CLANG_WARN_ENUM_CONVERSION = YES;
				CLANG_WARN_INFINITE_RECURSION = YES;
				CLANG_WARN_INT_CONVERSION = YES;
				CLANG_WARN_NON_LITERAL_NULL_CONVERSION = YES;
				CLANG_WARN_OBJC_IMPLICIT_RETAIN_SELF = YES;
				CLANG_WARN_OBJC_LITERAL_CONVERSION = YES;
				CLANG_WARN_OBJC_ROOT_CLASS = YES_ERROR;
				CLANG_WARN_RANGE_LOOP_ANALYSIS = YES;
				CLANG_WARN_STRICT_PROTOTYPES = YES;
				CLANG_WARN_SUSPICIOUS_MOVE = YES;
				CLANG_WARN_UNGUARDED_AVAILABILITY = YES_AGGRESSIVE;
				CLANG_WARN_UNREACHABLE_CODE = YES;
				CLANG_WARN__DUPLICATE_METHOD_MATCH = YES;
				CODE_SIGN_IDENTITY = "iPhone Developer";
				COPY_PHASE_STRIP = NO;
				DEBUG_INFORMATION_FORMAT = dwarf;
				ENABLE_STRICT_OBJC_MSGSEND = YES;
				ENABLE_TESTABILITY = YES;
				GCC_C_LANGUAGE_STANDARD = gnu11;
				GCC_DYNAMIC_NO_PIC = NO;
				GCC_NO_COMMON_BLOCKS = YES;
				GCC_OPTIMIZATION_LEVEL = 0;
				GCC_PREPROCESSOR_DEFINITIONS = (
					"DEBUG=1",
					"$(inherited)",
				);
				GCC_WARN_64_TO_32_BIT_CONVERSION = YES;
				GCC_WARN_ABOUT_RETURN_TYPE = YES_ERROR;
				GCC_WARN_UNDECLARED_SELECTOR = YES;
				GCC_WARN_UNINITIALIZED_AUTOS = YES_AGGRESSIVE;
				GCC_WARN_UNUSED_FUNCTION = YES;
				GCC_WARN_UNUSED_VARIABLE = YES;
				IPHONEOS_DEPLOYMENT_TARGET = 12.1;
				MTL_ENABLE_DEBUG_INFO = INCLUDE_SOURCE;
				MTL_FAST_MATH = YES;
				ONLY_ACTIVE_ARCH = YES;
				SDKROOT = iphoneos;
				SWIFT_ACTIVE_COMPILATION_CONDITIONS = DEBUG;
				SWIFT_OPTIMIZATION_LEVEL = "-Onone";
			};
			name = Debug;
		};
		8275BBFF2200ADE200EEDCE3 /* Release */ = {
			isa = XCBuildConfiguration;
			buildSettings = {
				ALWAYS_SEARCH_USER_PATHS = NO;
				CLANG_ANALYZER_NONNULL = YES;
				CLANG_ANALYZER_NUMBER_OBJECT_CONVERSION = YES_AGGRESSIVE;
				CLANG_CXX_LANGUAGE_STANDARD = "gnu++14";
				CLANG_CXX_LIBRARY = "libc++";
				CLANG_ENABLE_MODULES = YES;
				CLANG_ENABLE_OBJC_ARC = YES;
				CLANG_ENABLE_OBJC_WEAK = YES;
				CLANG_WARN_BLOCK_CAPTURE_AUTORELEASING = YES;
				CLANG_WARN_BOOL_CONVERSION = YES;
				CLANG_WARN_COMMA = YES;
				CLANG_WARN_CONSTANT_CONVERSION = YES;
				CLANG_WARN_DEPRECATED_OBJC_IMPLEMENTATIONS = YES;
				CLANG_WARN_DIRECT_OBJC_ISA_USAGE = YES_ERROR;
				CLANG_WARN_DOCUMENTATION_COMMENTS = YES;
				CLANG_WARN_EMPTY_BODY = YES;
				CLANG_WARN_ENUM_CONVERSION = YES;
				CLANG_WARN_INFINITE_RECURSION = YES;
				CLANG_WARN_INT_CONVERSION = YES;
				CLANG_WARN_NON_LITERAL_NULL_CONVERSION = YES;
				CLANG_WARN_OBJC_IMPLICIT_RETAIN_SELF = YES;
				CLANG_WARN_OBJC_LITERAL_CONVERSION = YES;
				CLANG_WARN_OBJC_ROOT_CLASS = YES_ERROR;
				CLANG_WARN_RANGE_LOOP_ANALYSIS = YES;
				CLANG_WARN_STRICT_PROTOTYPES = YES;
				CLANG_WARN_SUSPICIOUS_MOVE = YES;
				CLANG_WARN_UNGUARDED_AVAILABILITY = YES_AGGRESSIVE;
				CLANG_WARN_UNREACHABLE_CODE = YES;
				CLANG_WARN__DUPLICATE_METHOD_MATCH = YES;
				CODE_SIGN_IDENTITY = "iPhone Developer";
				COPY_PHASE_STRIP = NO;
				DEBUG_INFORMATION_FORMAT = "dwarf-with-dsym";
				ENABLE_NS_ASSERTIONS = NO;
				ENABLE_STRICT_OBJC_MSGSEND = YES;
				GCC_C_LANGUAGE_STANDARD = gnu11;
				GCC_NO_COMMON_BLOCKS = YES;
				GCC_WARN_64_TO_32_BIT_CONVERSION = YES;
				GCC_WARN_ABOUT_RETURN_TYPE = YES_ERROR;
				GCC_WARN_UNDECLARED_SELECTOR = YES;
				GCC_WARN_UNINITIALIZED_AUTOS = YES_AGGRESSIVE;
				GCC_WARN_UNUSED_FUNCTION = YES;
				GCC_WARN_UNUSED_VARIABLE = YES;
				IPHONEOS_DEPLOYMENT_TARGET = 12.1;
				MTL_ENABLE_DEBUG_INFO = NO;
				MTL_FAST_MATH = YES;
				SDKROOT = iphoneos;
				SWIFT_COMPILATION_MODE = wholemodule;
				SWIFT_OPTIMIZATION_LEVEL = "-O";
				VALIDATE_PRODUCT = YES;
			};
			name = Release;
		};
		8275BC012200ADE200EEDCE3 /* Debug */ = {
			isa = XCBuildConfiguration;
			buildSettings = {
				ASSETCATALOG_COMPILER_APPICON_NAME = AppIcon;
				CODE_SIGN_STYLE = Automatic;
				DEVELOPMENT_TEAM = M39CJAQV5X;
				INFOPLIST_FILE = SHTabBar/Info.plist;
				LD_RUNPATH_SEARCH_PATHS = (
					"$(inherited)",
					"@executable_path/Frameworks",
				);
				PRODUCT_BUNDLE_IDENTIFIER = org.softhaus.SHTabBar.SHTabBar;
				PRODUCT_NAME = "$(TARGET_NAME)";
				SWIFT_VERSION = 4.2;
				TARGETED_DEVICE_FAMILY = 1;
			};
			name = Debug;
		};
		8275BC022200ADE200EEDCE3 /* Release */ = {
			isa = XCBuildConfiguration;
			buildSettings = {
				ASSETCATALOG_COMPILER_APPICON_NAME = AppIcon;
				CODE_SIGN_STYLE = Automatic;
				DEVELOPMENT_TEAM = M39CJAQV5X;
				INFOPLIST_FILE = SHTabBar/Info.plist;
				LD_RUNPATH_SEARCH_PATHS = (
					"$(inherited)",
					"@executable_path/Frameworks",
				);
				PRODUCT_BUNDLE_IDENTIFIER = org.softhaus.SHTabBar.SHTabBar;
				PRODUCT_NAME = "$(TARGET_NAME)";
				SWIFT_VERSION = 4.2;
				TARGETED_DEVICE_FAMILY = 1;
			};
			name = Release;
		};
/* End XCBuildConfiguration section */

/* Begin XCConfigurationList section */
		8275BBE92200ADE100EEDCE3 /* Build configuration list for PBXProject "SHTabBar" */ = {
			isa = XCConfigurationList;
			buildConfigurations = (
				8275BBFE2200ADE200EEDCE3 /* Debug */,
				8275BBFF2200ADE200EEDCE3 /* Release */,
			);
			defaultConfigurationIsVisible = 0;
			defaultConfigurationName = Release;
		};
		8275BC002200ADE200EEDCE3 /* Build configuration list for PBXNativeTarget "SHTabBar" */ = {
			isa = XCConfigurationList;
			buildConfigurations = (
				8275BC012200ADE200EEDCE3 /* Debug */,
				8275BC022200ADE200EEDCE3 /* Release */,
			);
			defaultConfigurationIsVisible = 0;
			defaultConfigurationName = Release;
		};
/* End XCConfigurationList section */
	};
	rootObject = 8275BBE62200ADE100EEDCE3 /* Project object */;
}
